
Microsoft Visual Studio Solution File, Format Version 12.00
# Visual Studio Version 16
VisualStudioVersion = 16.0.29806.167
MinimumVisualStudioVersion = 10.0.40219.1
Project("{FAE04EC0-301F-11D3-BF4B-00C04F79EFBC}") = "Indexer", "Indexer\Indexer.csproj", "{0DF5A8BA-00FA-4500-8EAA-7AB2DFD2045F}"
EndProject
Global
	GlobalSection(SolutionConfigurationPlatforms) = preSolution
		Debug|Any CPU = Debug|Any CPU
		Release|Any CPU = Release|Any CPU
	EndGlobalSection
	GlobalSection(ProjectConfigurationPlatforms) = postSolution
		{0DF5A8BA-00FA-4500-8EAA-7AB2DFD2045F}.Debug|Any CPU.ActiveCfg = Debug|Any CPU
		{0DF5A8BA-00FA-4500-8EAA-7AB2DFD2045F}.Debug|Any CPU.Build.0 = Debug|Any CPU
		{0DF5A8BA-00FA-4500-8EAA-7AB2DFD2045F}.Release|Any CPU.ActiveCfg = Release|Any CPU
		{0DF5A8BA-00FA-4500-8EAA-7AB2DFD2045F}.Release|Any CPU.Build.0 = Release|Any CPU
	EndGlobalSection
	GlobalSection(SolutionProperties) = preSolution
		HideSolutionNode = FALSE
	EndGlobalSection
	GlobalSection(ExtensibilityGlobals) = postSolution
		SolutionGuid = {018BC210-EF28-4FC5-826B-42127F12D816}
	EndGlobalSection
EndGlobal
